
Microsoft Visual Studio Solution File, Format Version 12.00
# Visual Studio 2013
VisualStudioVersion = 12.0.21005.1
MinimumVisualStudioVersion = 10.0.40219.1
Project("{FAE04EC0-301F-11D3-BF4B-00C04F79EFBC}") = "Task1Logic", "Task1Logic\Task1Logic.csproj", "{7679AB70-8EAC-47B7-BBCF-C04863BF10D0}"
EndProject
Project("{FAE04EC0-301F-11D3-BF4B-00C04F79EFBC}") = "Task1Console", "Task1Console\Task1Console.csproj", "{B5564C7A-16F7-41DA-AECE-0CCF0D6EAF7E}"
EndProject
Project("{FAE04EC0-301F-11D3-BF4B-00C04F79EFBC}") = "Task2Console", "Task2Console\Task2Console.csproj", "{24702B16-D662-4108-A2C4-FD2DFEAC701A}"
EndProject
Project("{FAE04EC0-301F-11D3-BF4B-00C04F79EFBC}") = "Task2Logic", "Task2Logic\Task2Logic.csproj", "{CDA6935B-E5C8-4AB8-ABFE-21DAF582878B}"
EndProject
Project("{FAE04EC0-301F-11D3-BF4B-00C04F79EFBC}") = "Task4Console", "Task4Console\Task4Console.csproj", "{57CD0187-1DD2-4EAF-8A4A-7BB9E8C07A34}"
EndProject
Project("{FAE04EC0-301F-11D3-BF4B-00C04F79EFBC}") = "Task4Logic", "Task4Logic\Task4Logic.csproj", "{60071FBE-5B2A-491D-9331-EFA27D2DD61F}"
EndProject
Project("{FAE04EC0-301F-11D3-BF4B-00C04F79EFBC}") = "Task3Console", "Task3Console\Task3Console.csproj", "{C84AFC49-F6C2-4B6B-BA90-E3144A49D7B7}"
EndProject
Project("{FAE04EC0-301F-11D3-BF4B-00C04F79EFBC}") = "Task3Logic", "Task3Logic\Task3Logic.csproj", "{A569EADD-23DC-45C5-AF3F-8CE04DA1BCB6}"
EndProject
Global
	GlobalSection(SolutionConfigurationPlatforms) = preSolution
		Debug|Any CPU = Debug|Any CPU
		Release|Any CPU = Release|Any CPU
	EndGlobalSection
	GlobalSection(ProjectConfigurationPlatforms) = postSolution
		{7679AB70-8EAC-47B7-BBCF-C04863BF10D0}.Debug|Any CPU.ActiveCfg = Debug|Any CPU
		{7679AB70-8EAC-47B7-BBCF-C04863BF10D0}.Debug|Any CPU.Build.0 = Debug|Any CPU
		{7679AB70-8EAC-47B7-BBCF-C04863BF10D0}.Release|Any CPU.ActiveCfg = Release|Any CPU
		{7679AB70-8EAC-47B7-BBCF-C04863BF10D0}.Release|Any CPU.Build.0 = Release|Any CPU
		{B5564C7A-16F7-41DA-AECE-0CCF0D6EAF7E}.Debug|Any CPU.ActiveCfg = Debug|Any CPU
		{B5564C7A-16F7-41DA-AECE-0CCF0D6EAF7E}.Debug|Any CPU.Build.0 = Debug|Any CPU
		{B5564C7A-16F7-41DA-AECE-0CCF0D6EAF7E}.Release|Any CPU.ActiveCfg = Release|Any CPU
		{B5564C7A-16F7-41DA-AECE-0CCF0D6EAF7E}.Release|Any CPU.Build.0 = Release|Any CPU
		{24702B16-D662-4108-A2C4-FD2DFEAC701A}.Debug|Any CPU.ActiveCfg = Debug|Any CPU
		{24702B16-D662-4108-A2C4-FD2DFEAC701A}.Debug|Any CPU.Build.0 = Debug|Any CPU
		{24702B16-D662-4108-A2C4-FD2DFEAC701A}.Release|Any CPU.ActiveCfg = Release|Any CPU
		{24702B16-D662-4108-A2C4-FD2DFEAC701A}.Release|Any CPU.Build.0 = Release|Any CPU
		{CDA6935B-E5C8-4AB8-ABFE-21DAF582878B}.Debug|Any CPU.ActiveCfg = Debug|Any CPU
		{CDA6935B-E5C8-4AB8-ABFE-21DAF582878B}.Debug|Any CPU.Build.0 = Debug|Any CPU
		{CDA6935B-E5C8-4AB8-ABFE-21DAF582878B}.Release|Any CPU.ActiveCfg = Release|Any CPU
		{CDA6935B-E5C8-4AB8-ABFE-21DAF582878B}.Release|Any CPU.Build.0 = Release|Any CPU
		{57CD0187-1DD2-4EAF-8A4A-7BB9E8C07A34}.Debug|Any CPU.ActiveCfg = Debug|Any CPU
		{57CD0187-1DD2-4EAF-8A4A-7BB9E8C07A34}.Debug|Any CPU.Build.0 = Debug|Any CPU
		{57CD0187-1DD2-4EAF-8A4A-7BB9E8C07A34}.Release|Any CPU.ActiveCfg = Release|Any CPU
		{57CD0187-1DD2-4EAF-8A4A-7BB9E8C07A34}.Release|Any CPU.Build.0 = Release|Any CPU
		{60071FBE-5B2A-491D-9331-EFA27D2DD61F}.Debug|Any CPU.ActiveCfg = Debug|Any CPU
		{60071FBE-5B2A-491D-9331-EFA27D2DD61F}.Debug|Any CPU.Build.0 = Debug|Any CPU
		{60071FBE-5B2A-491D-9331-EFA27D2DD61F}.Release|Any CPU.ActiveCfg = Release|Any CPU
		{60071FBE-5B2A-491D-9331-EFA27D2DD61F}.Release|Any CPU.Build.0 = Release|Any CPU
		{C84AFC49-F6C2-4B6B-BA90-E3144A49D7B7}.Debug|Any CPU.ActiveCfg = Debug|Any CPU
		{C84AFC49-F6C2-4B6B-BA90-E3144A49D7B7}.Debug|Any CPU.Build.0 = Debug|Any CPU
		{C84AFC49-F6C2-4B6B-BA90-E3144A49D7B7}.Release|Any CPU.ActiveCfg = Release|Any CPU
		{C84AFC49-F6C2-4B6B-BA90-E3144A49D7B7}.Release|Any CPU.Build.0 = Release|Any CPU
		{A569EADD-23DC-45C5-AF3F-8CE04DA1BCB6}.Debug|Any CPU.ActiveCfg = Debug|Any CPU
		{A569EADD-23DC-45C5-AF3F-8CE04DA1BCB6}.Debug|Any CPU.Build.0 = Debug|Any CPU
		{A569EADD-23DC-45C5-AF3F-8CE04DA1BCB6}.Release|Any CPU.ActiveCfg = Release|Any CPU
		{A569EADD-23DC-45C5-AF3F-8CE04DA1BCB6}.Release|Any CPU.Build.0 = Release|Any CPU
	EndGlobalSection
	GlobalSection(SolutionProperties) = preSolution
		HideSolutionNode = FALSE
	EndGlobalSection
EndGlobal
